{
  "meteor": {},
  "dependencies": {
    "basePackages": {
      "bootstrap-3": {},
      "font-awesome": {},
      "iron-router": {},
      "moment": {},
      "npm": {},
      "select2": {},
      "x-editable-bootstrap3": {},
      "when": {},
      "mongodb-server-aggregation": {},
      "handlebars-server": {},
      "bootstrap-datepicker2": {},
      "mocha-web": {},
      "auto-nprogress": {}
    },
    "packages": {
      "bootstrap-3": {
        "git": "https://github.com/mangasocial/meteor-bootstrap-3.git",
        "tag": "v3.1.1-1",
        "commit": "63dd38968828bb8963636df93e9a1c45e2dfe67e"
      },
      "font-awesome": {
        "git": "https://github.com/nate-strauser/meteor-font-awesome.git",
        "tag": "v4.0.3",
        "commit": "61e9361384347547ae144f8228faa4deffda23db"
      },
      "iron-router": {
        "git": "https://github.com/EventedMind/iron-router.git",
        "tag": "v0.7.0",
        "commit": "05f34bc48c4cad9fdaa366c1ddcabe6980232ece"
      },
      "moment": {
        "git": "https://github.com/acreeger/meteor-moment.git",
        "tag": "v2.5.1",
        "commit": "8c9bc5d3fc96705057737cb9743d555417f6e551"
      },
      "npm": {
        "git": "https://github.com/arunoda/meteor-npm.git",
        "tag": "v0.2.6",
        "commit": "177ab6118de5bf8cffb19481343d5762ff7a2aaf"
      },
      "select2": {
        "git": "https://github.com/nate-strauser/meteor-select2.git",
        "tag": "v3.4.5",
        "commit": "4a8d05582b949a14f0ee217c185166abbf112822"
      },
      "x-editable-bootstrap3": {
        "git": "https://github.com/JustinSGray/meteor-x-editable-bootstrap.git",
        "tag": "v1.5.2",
        "commit": "1e5e6d7bddf0b17cc6ea2fc1f50c3f9fd2cfc3f3"
      },
      "when": {
        "git": "https://github.com/awwx/meteor-when",
        "tag": "v1.7.1r1",
        "commit": "7a5da1838b1ee0c732ecf0b4dd19c502e17af183"
      },
      "mongodb-server-aggregation": {
        "git": "https://github.com/zvictor/meteor-mongo-server.git",
        "tag": "v1.0.3",
        "commit": "416293e383f53e2506f1b7a1a7687390cbaf0e68"
      },
      "handlebars-server": {
        "git": "https://github.com/EventedMind/meteor-handlebars-server.git",
        "tag": "v1.2.0",
        "commit": "1b72c4e9d82af66293e50be4516c487d15d97464"
      },
      "bootstrap-datepicker2": {
        "git": "https://github.com/deepwell/meteor-bootstrap-datepicker.git",
        "tag": "v1.2.0",
        "commit": "b7de18a7cc651ea665cda75048663f90d1a11d10"
      },
      "mocha-web": {
        "git": "https://github.com/mad-eye/meteor-mocha-web.git",
        "tag": "v0.2.2",
        "commit": "cc58d823457944334ed70e2569147856bbc2ef66"
      },
      "auto-nprogress": {
        "git": "https://github.com/settinghead/meteor-auto-nprogress.git",
        "tag": "v0.2.7",
        "commit": "3fa87d5244e140cc5b49696585cd23b110c36467"
      },
      "blaze-layout": {
        "git": "https://github.com/EventedMind/blaze-layout.git",
        "tag": "v0.2.2",
        "commit": "8bc53798fe5965669ae67c72f91829fcfdceabfd"
      },
      "nprogress": {
        "git": "https://github.com/zhouzhuojie/meteor-nprogress.git",
        "tag": "v0.0.4",
        "commit": "8333206b751a24fac1fbd1b03fa37621bcefe50c"
      }
    }
  }
}
